<?xml version="1.0" encoding="utf-8"?>
<Project ToolsVersion="4.0" xmlns="http://schemas.microsoft.com/developer/msbuild/2003">
  <ItemGroup>
    <Filter Include="Fichiers sources">
      <UniqueIdentifier>{4FC737F1-C7A5-4376-A066-2A32D752A2FF}</UniqueIdentifier>
      <Extensions>cpp;c;cc;cxx;def;odl;idl;hpj;bat;asm;asmx</Extensions>
    </Filter>
    <Filter Include="Fichiers d%27en-tête">
      <UniqueIdentifier>{93995380-89BD-4b04-88EB-625FBE52EBFB}</UniqueIdentifier>
      <Extensions>h;hh;hpp;hxx;hm;inl;inc;ipp;xsd</Extensions>
    </Filter>
    <Filter Include="Fichiers de ressources">
      <UniqueIdentifier>{67DA6AB6-F800-4c08-8B7A-83BB121AAD01}</UniqueIdentifier>
      <Extensions>rc;ico;cur;bmp;dlg;rc2;rct;bin;rgs;gif;jpg;jpeg;jpe;resx;tiff;tif;png;wav;mfcribbon-ms</Extensions>
    </Filter>
    <Filter Include="Fichiers sources\Hooks">
      <UniqueIdentifier>{7e1b6f00-286e-4b9c-9c27-2b9143c11de9}</UniqueIdentifier>
    </Filter>
    <Filter Include="Fichiers sources\NativesInvoker">
      <UniqueIdentifier>{0e63d34d-e7b7-45ad-8913-3b2abcc4b571}</UniqueIdentifier>
    </Filter>
    <Filter Include="Fichiers sources\Memory">
      <UniqueIdentifier>{fa454dbd-cc21-4ec5-b9a4-5eee7e886aee}</UniqueIdentifier>
    </Filter>
    <Filter Include="Fichiers sources\Graphics">
      <UniqueIdentifier>{59e32938-202e-4936-94bf-364eee4b3633}</UniqueIdentifier>
    </Filter>
    <Filter Include="Fichiers sources\Features">
      <UniqueIdentifier>{9a45cb07-b00d-4477-b41b-0d9cb37d80d8}</UniqueIdentifier>
    </Filter>
  </ItemGroup>
  <ItemGroup>
    <ClCompile Include="dllmain.cpp">
      <Filter>Fichiers sources</Filter>
    </ClCompile>
    <ClCompile Include="globals.cpp">
      <Filter>Fichiers sources</Filter>
    </ClCompile>
    <ClCompile Include="stdafx.cpp">
      <Filter>Fichiers sources</Filter>
    </ClCompile>
    <ClCompile Include="hooks.cpp">
      <Filter>Fichiers sources\Hooks</Filter>
    </ClCompile>
    <ClCompile Include="controls.cpp">
      <Filter>Fichiers sources\Graphics</Filter>
    </ClCompile>
    <ClCompile Include="UI.cpp">
      <Filter>Fichiers sources\Graphics</Filter>
    </ClCompile>
    <ClCompile Include="menu.cpp">
      <Filter>Fichiers sources\Graphics</Filter>
    </ClCompile>
    <ClCompile Include="features.cpp">
      <Filter>Fichiers sources\Features</Filter>
    </ClCompile>
  </ItemGroup>
  <ItemGroup>
    <ClInclude Include="stdafx.h">
      <Filter>Fichiers d%27en-tête</Filter>
    </ClInclude>
    <ClInclude Include="globals.h">
      <Filter>Fichiers sources</Filter>
    </ClInclude>
    <ClInclude Include="hooks.h">
      <Filter>Fichiers sources\Hooks</Filter>
    </ClInclude>
    <ClInclude Include="crossmap.h">
      <Filter>Fichiers sources\NativesInvoker</Filter>
    </ClInclude>
    <ClInclude Include="invoker.h">
      <Filter>Fichiers sources\NativesInvoker</Filter>
    </ClInclude>
    <ClInclude Include="natives.h">
      <Filter>Fichiers sources\NativesInvoker</Filter>
    </ClInclude>
    <ClInclude Include="memory.h">
      <Filter>Fichiers sources\Memory</Filter>
    </ClInclude>
    <ClInclude Include="controls.h">
      <Filter>Fichiers sources\Graphics</Filter>
    </ClInclude>
    <ClInclude Include="UI.h">
      <Filter>Fichiers sources\Graphics</Filter>
    </ClInclude>
    <ClInclude Include="menu.h">
      <Filter>Fichiers sources\Graphics</Filter>
    </ClInclude>
    <ClInclude Include="features.h">
      <Filter>Fichiers sources\Features</Filter>
    </ClInclude>
  </ItemGroup>
</Project>